
Microsoft Visual Studio Solution File, Format Version 12.00
# Visual Studio Version 16
VisualStudioVersion = 16.0.31025.194
MinimumVisualStudioVersion = 10.0.40219.1
Project("{FAE04EC0-301F-11D3-BF4B-00C04F79EFBC}") = "OpenSky.Client", "OpenSky.Client\OpenSky.Client.csproj", "{26FAA45D-B4A3-4228-8AF3-E5811BCFC766}"
EndProject
Project("{2150E333-8FDC-42A3-9474-1A3956D46DE8}") = "Solution Items", "Solution Items", "{3E7B79A5-C09B-488A-9C72-2E80F02C902B}"
	ProjectSection(SolutionItems) = preProject
		.editorconfig = .editorconfig
		changelog.txt = changelog.txt
	EndProjectSection
EndProject
Project("{930C7802-8A8C-48F9-8165-68863BCCD9D}") = "Installer", "Installer\Installer.wixproj", "{853790E9-5CAA-4EBC-B4C3-C563C3242F1E}"
EndProject
Global
	GlobalSection(SolutionConfigurationPlatforms) = preSolution
		Debug|Any CPU = Debug|Any CPU
		Debug|x86 = Debug|x86
		Release|Any CPU = Release|Any CPU
		Release|x86 = Release|x86
	EndGlobalSection
	GlobalSection(ProjectConfigurationPlatforms) = postSolution
		{26FAA45D-B4A3-4228-8AF3-E5811BCFC766}.Debug|Any CPU.ActiveCfg = Debug|Any CPU
		{26FAA45D-B4A3-4228-8AF3-E5811BCFC766}.Debug|Any CPU.Build.0 = Debug|Any CPU
		{26FAA45D-B4A3-4228-8AF3-E5811BCFC766}.Debug|x86.ActiveCfg = Debug|Any CPU
		{26FAA45D-B4A3-4228-8AF3-E5811BCFC766}.Debug|x86.Build.0 = Debug|Any CPU
		{26FAA45D-B4A3-4228-8AF3-E5811BCFC766}.Release|Any CPU.ActiveCfg = Release|Any CPU
		{26FAA45D-B4A3-4228-8AF3-E5811BCFC766}.Release|Any CPU.Build.0 = Release|Any CPU
		{26FAA45D-B4A3-4228-8AF3-E5811BCFC766}.Release|x86.ActiveCfg = Release|Any CPU
		{26FAA45D-B4A3-4228-8AF3-E5811BCFC766}.Release|x86.Build.0 = Release|Any CPU
		{853790E9-5CAA-4EBC-B4C3-C563C3242F1E}.Debug|Any CPU.ActiveCfg = Debug|x86
		{853790E9-5CAA-4EBC-B4C3-C563C3242F1E}.Debug|x86.ActiveCfg = Debug|x86
		{853790E9-5CAA-4EBC-B4C3-C563C3242F1E}.Debug|x86.Build.0 = Debug|x86
		{853790E9-5CAA-4EBC-B4C3-C563C3242F1E}.Release|Any CPU.ActiveCfg = Release|x86
		{853790E9-5CAA-4EBC-B4C3-C563C3242F1E}.Release|x86.ActiveCfg = Release|x86
		{853790E9-5CAA-4EBC-B4C3-C563C3242F1E}.Release|x86.Build.0 = Release|x86
	EndGlobalSection
	GlobalSection(SolutionProperties) = preSolution
		HideSolutionNode = FALSE
	EndGlobalSection
	GlobalSection(ExtensibilityGlobals) = postSolution
		SolutionGuid = {A1B9FF24-47FE-42F2-8C6A-331506120767}
	EndGlobalSection
EndGlobal
